
Microsoft Visual Studio Solution File, Format Version 12.00
# Visual Studio 14
VisualStudioVersion = 14.0.24720.0
MinimumVisualStudioVersion = 10.0.40219.1
Project("{FAE04EC0-301F-11D3-BF4B-00C04F79EFBC}") = "AutomaticStation", "AutomaticStation\AutomaticStation.csproj", "{AE549320-1B87-4FC5-BBF1-0AE35DBCC7A5}"
EndProject
Project("{FAE04EC0-301F-11D3-BF4B-00C04F79EFBC}") = "Billing", "Billing\Billing.csproj", "{BBCD79A7-A3BC-4AD7-9ADC-8BFEDC68F3CA}"
EndProject
Project("{FAE04EC0-301F-11D3-BF4B-00C04F79EFBC}") = "Builder", "Builder\Builder.csproj", "{09634A35-ADA2-4614-9058-C2EC95E71E24}"
EndProject
Project("{FAE04EC0-301F-11D3-BF4B-00C04F79EFBC}") = "RefLibrary", "RefLibrary\RefLibrary.csproj", "{65D3FF82-DA34-46ED-AC90-3C0EAF7E6E39}"
EndProject
Global
	GlobalSection(SolutionConfigurationPlatforms) = preSolution
		Debug|Any CPU = Debug|Any CPU
		Release|Any CPU = Release|Any CPU
	EndGlobalSection
	GlobalSection(ProjectConfigurationPlatforms) = postSolution
		{AE549320-1B87-4FC5-BBF1-0AE35DBCC7A5}.Debug|Any CPU.ActiveCfg = Debug|Any CPU
		{AE549320-1B87-4FC5-BBF1-0AE35DBCC7A5}.Debug|Any CPU.Build.0 = Debug|Any CPU
		{AE549320-1B87-4FC5-BBF1-0AE35DBCC7A5}.Release|Any CPU.ActiveCfg = Release|Any CPU
		{AE549320-1B87-4FC5-BBF1-0AE35DBCC7A5}.Release|Any CPU.Build.0 = Release|Any CPU
		{BBCD79A7-A3BC-4AD7-9ADC-8BFEDC68F3CA}.Debug|Any CPU.ActiveCfg = Debug|Any CPU
		{BBCD79A7-A3BC-4AD7-9ADC-8BFEDC68F3CA}.Debug|Any CPU.Build.0 = Debug|Any CPU
		{BBCD79A7-A3BC-4AD7-9ADC-8BFEDC68F3CA}.Release|Any CPU.ActiveCfg = Release|Any CPU
		{BBCD79A7-A3BC-4AD7-9ADC-8BFEDC68F3CA}.Release|Any CPU.Build.0 = Release|Any CPU
		{09634A35-ADA2-4614-9058-C2EC95E71E24}.Debug|Any CPU.ActiveCfg = Debug|Any CPU
		{09634A35-ADA2-4614-9058-C2EC95E71E24}.Debug|Any CPU.Build.0 = Debug|Any CPU
		{09634A35-ADA2-4614-9058-C2EC95E71E24}.Release|Any CPU.ActiveCfg = Release|Any CPU
		{09634A35-ADA2-4614-9058-C2EC95E71E24}.Release|Any CPU.Build.0 = Release|Any CPU
		{65D3FF82-DA34-46ED-AC90-3C0EAF7E6E39}.Debug|Any CPU.ActiveCfg = Debug|Any CPU
		{65D3FF82-DA34-46ED-AC90-3C0EAF7E6E39}.Debug|Any CPU.Build.0 = Debug|Any CPU
		{65D3FF82-DA34-46ED-AC90-3C0EAF7E6E39}.Release|Any CPU.ActiveCfg = Release|Any CPU
		{65D3FF82-DA34-46ED-AC90-3C0EAF7E6E39}.Release|Any CPU.Build.0 = Release|Any CPU
	EndGlobalSection
	GlobalSection(SolutionProperties) = preSolution
		HideSolutionNode = FALSE
	EndGlobalSection
EndGlobal
