
Microsoft Visual Studio Solution File, Format Version 12.00
# Visual Studio 14
VisualStudioVersion = 14.0.25123.0
MinimumVisualStudioVersion = 10.0.40219.1
Project("{FAE04EC0-301F-11D3-BF4B-00C04F79EFBC}") = "Model", "Model\Model.csproj", "{DF16C92F-7C9C-43B9-8027-B7C96D7F7338}"
EndProject
Project("{FAE04EC0-301F-11D3-BF4B-00C04F79EFBC}") = "DAL", "DAL\DAL.csproj", "{4271FB4A-697C-43DB-B009-D1ABB73FFA8A}"
EndProject
Project("{FAE04EC0-301F-11D3-BF4B-00C04F79EFBC}") = "ClientApplication", "ClientApplication\ClientApplication.csproj", "{F95FB506-1DE1-4A46-895E-799E605A2A32}"
EndProject
Project("{FAE04EC0-301F-11D3-BF4B-00C04F79EFBC}") = "BL", "BL\BL.csproj", "{C9CE9720-32CF-475F-9962-3D6B8AFED5EA}"
EndProject
Project("{FAE04EC0-301F-11D3-BF4B-00C04F79EFBC}") = "ClientService", "ClientService\ClientService.csproj", "{B892BA34-D57D-4957-A842-CEA8866D39DD}"
EndProject
Global
	GlobalSection(SolutionConfigurationPlatforms) = preSolution
		Debug|Any CPU = Debug|Any CPU
		Release|Any CPU = Release|Any CPU
	EndGlobalSection
	GlobalSection(ProjectConfigurationPlatforms) = postSolution
		{DF16C92F-7C9C-43B9-8027-B7C96D7F7338}.Debug|Any CPU.ActiveCfg = Debug|Any CPU
		{DF16C92F-7C9C-43B9-8027-B7C96D7F7338}.Debug|Any CPU.Build.0 = Debug|Any CPU
		{DF16C92F-7C9C-43B9-8027-B7C96D7F7338}.Release|Any CPU.ActiveCfg = Release|Any CPU
		{DF16C92F-7C9C-43B9-8027-B7C96D7F7338}.Release|Any CPU.Build.0 = Release|Any CPU
		{4271FB4A-697C-43DB-B009-D1ABB73FFA8A}.Debug|Any CPU.ActiveCfg = Debug|Any CPU
		{4271FB4A-697C-43DB-B009-D1ABB73FFA8A}.Debug|Any CPU.Build.0 = Debug|Any CPU
		{4271FB4A-697C-43DB-B009-D1ABB73FFA8A}.Release|Any CPU.ActiveCfg = Release|Any CPU
		{4271FB4A-697C-43DB-B009-D1ABB73FFA8A}.Release|Any CPU.Build.0 = Release|Any CPU
		{F95FB506-1DE1-4A46-895E-799E605A2A32}.Debug|Any CPU.ActiveCfg = Debug|Any CPU
		{F95FB506-1DE1-4A46-895E-799E605A2A32}.Debug|Any CPU.Build.0 = Debug|Any CPU
		{F95FB506-1DE1-4A46-895E-799E605A2A32}.Release|Any CPU.ActiveCfg = Release|Any CPU
		{F95FB506-1DE1-4A46-895E-799E605A2A32}.Release|Any CPU.Build.0 = Release|Any CPU
		{C9CE9720-32CF-475F-9962-3D6B8AFED5EA}.Debug|Any CPU.ActiveCfg = Debug|Any CPU
		{C9CE9720-32CF-475F-9962-3D6B8AFED5EA}.Debug|Any CPU.Build.0 = Debug|Any CPU
		{C9CE9720-32CF-475F-9962-3D6B8AFED5EA}.Release|Any CPU.ActiveCfg = Release|Any CPU
		{C9CE9720-32CF-475F-9962-3D6B8AFED5EA}.Release|Any CPU.Build.0 = Release|Any CPU
		{B892BA34-D57D-4957-A842-CEA8866D39DD}.Debug|Any CPU.ActiveCfg = Debug|Any CPU
		{B892BA34-D57D-4957-A842-CEA8866D39DD}.Debug|Any CPU.Build.0 = Debug|Any CPU
		{B892BA34-D57D-4957-A842-CEA8866D39DD}.Release|Any CPU.ActiveCfg = Release|Any CPU
		{B892BA34-D57D-4957-A842-CEA8866D39DD}.Release|Any CPU.Build.0 = Release|Any CPU
	EndGlobalSection
	GlobalSection(SolutionProperties) = preSolution
		HideSolutionNode = FALSE
	EndGlobalSection
EndGlobal
